// !$*UTF8*$!
{
	archiveVersion = 1;
	classes = {
	};
	objectVersion = 50;
	objects = {

/* Begin PBXBuildFile section */
		55C6D27D16EA0F3A822B6495 /* Pods_DC_Courier.framework in Frameworks */ = {isa = PBXBuildFile; fileRef = DF5E5F9CA81936783763C58B /* Pods_DC_Courier.framework */; };
		A71499F921A9DF84005B4110 /* AppDelegate.swift in Sources */ = {isa = PBXBuildFile; fileRef = A71499F821A9DF84005B4110 /* AppDelegate.swift */; };
		A71499FB21A9DF84005B4110 /* ViewController.swift in Sources */ = {isa = PBXBuildFile; fileRef = A71499FA21A9DF84005B4110 /* ViewController.swift */; };
		A71499FE21A9DF84005B4110 /* Main.storyboard in Resources */ = {isa = PBXBuildFile; fileRef = A71499FC21A9DF84005B4110 /* Main.storyboard */; };
		A7149A0021A9DF85005B4110 /* Assets.xcassets in Resources */ = {isa = PBXBuildFile; fileRef = A71499FF21A9DF85005B4110 /* Assets.xcassets */; };
		A7149A0321A9DF85005B4110 /* LaunchScreen.storyboard in Resources */ = {isa = PBXBuildFile; fileRef = A7149A0121A9DF85005B4110 /* LaunchScreen.storyboard */; };
		A7149A0F21A9F3F4005B4110 /* Alamofire.framework in Headers */ = {isa = PBXBuildFile; fileRef = A7149A0B21A9EEE1005B4110 /* Alamofire.framework */; };
		A792F09F21AF299800A3F150 /* Pods_DC_Courier.framework in CopyFiles */ = {isa = PBXBuildFile; fileRef = DF5E5F9CA81936783763C58B /* Pods_DC_Courier.framework */; settings = {ATTRIBUTES = (CodeSignOnCopy, RemoveHeadersOnCopy, ); }; };
		A7A6C3AB21AAFB5E00E700D2 /* SwiftyJSON.framework in Frameworks */ = {isa = PBXBuildFile; fileRef = A7149A1A21AA0A16005B4110 /* SwiftyJSON.framework */; };
		A7A6C3AC21AAFB5E00E700D2 /* Alamofire.framework in Frameworks */ = {isa = PBXBuildFile; fileRef = A7149A0B21A9EEE1005B4110 /* Alamofire.framework */; };
/* End PBXBuildFile section */

/* Begin PBXCopyFilesBuildPhase section */
		A7149A1421A9FFD2005B4110 /* CopyFiles */ = {
			isa = PBXCopyFilesBuildPhase;
			buildActionMask = 2147483647;
			dstPath = "";
			dstSubfolderSpec = 10;
			files = (
				A792F09F21AF299800A3F150 /* Pods_DC_Courier.framework in CopyFiles */,
			);
			runOnlyForDeploymentPostprocessing = 0;
		};
/* End PBXCopyFilesBuildPhase section */

/* Begin PBXFileReference section */
		7D507DA2A56C63F7B6747925 /* Pods-DC Courier.debug.xcconfig */ = {isa = PBXFileReference; includeInIndex = 1; lastKnownFileType = text.xcconfig; name = "Pods-DC Courier.debug.xcconfig"; path = "Pods/Target Support Files/Pods-DC Courier/Pods-DC Courier.debug.xcconfig"; sourceTree = "<group>"; };
		A71499F521A9DF84005B4110 /* DC Courier.app */ = {isa = PBXFileReference; explicitFileType = wrapper.application; includeInIndex = 0; path = "DC Courier.app"; sourceTree = BUILT_PRODUCTS_DIR; };
		A71499F821A9DF84005B4110 /* AppDelegate.swift */ = {isa = PBXFileReference; lastKnownFileType = sourcecode.swift; path = AppDelegate.swift; sourceTree = "<group>"; };
		A71499FA21A9DF84005B4110 /* ViewController.swift */ = {isa = PBXFileReference; lastKnownFileType = sourcecode.swift; path = ViewController.swift; sourceTree = "<group>"; };
		A71499FD21A9DF84005B4110 /* Base */ = {isa = PBXFileReference; lastKnownFileType = file.storyboard; name = Base; path = Base.lproj/Main.storyboard; sourceTree = "<group>"; };
		A71499FF21A9DF85005B4110 /* Assets.xcassets */ = {isa = PBXFileReference; lastKnownFileType = folder.assetcatalog; path = Assets.xcassets; sourceTree = "<group>"; };
		A7149A0221A9DF85005B4110 /* Base */ = {isa = PBXFileReference; lastKnownFileType = file.storyboard; name = Base; path = Base.lproj/LaunchScreen.storyboard; sourceTree = "<group>"; };
		A7149A0421A9DF85005B4110 /* Info.plist */ = {isa = PBXFileReference; lastKnownFileType = text.plist.xml; path = Info.plist; sourceTree = "<group>"; };
		A7149A0B21A9EEE1005B4110 /* Alamofire.framework */ = {isa = PBXFileReference; lastKnownFileType = wrapper.framework; name = Alamofire.framework; path = Carthage/Build/iOS/Alamofire.framework; sourceTree = "<group>"; };
		A7149A1A21AA0A16005B4110 /* SwiftyJSON.framework */ = {isa = PBXFileReference; lastKnownFileType = wrapper.framework; name = SwiftyJSON.framework; path = Carthage/Build/iOS/SwiftyJSON.framework; sourceTree = "<group>"; };
		DF5E5F9CA81936783763C58B /* Pods_DC_Courier.framework */ = {isa = PBXFileReference; explicitFileType = wrapper.framework; includeInIndex = 0; path = Pods_DC_Courier.framework; sourceTree = BUILT_PRODUCTS_DIR; };
		EA7CF398FE45AC8FC7205300 /* Pods-DC Courier.release.xcconfig */ = {isa = PBXFileReference; includeInIndex = 1; lastKnownFileType = text.xcconfig; name = "Pods-DC Courier.release.xcconfig"; path = "Pods/Target Support Files/Pods-DC Courier/Pods-DC Courier.release.xcconfig"; sourceTree = "<group>"; };
/* End PBXFileReference section */

/* Begin PBXFrameworksBuildPhase section */
		A71499F221A9DF84005B4110 /* Frameworks */ = {
			isa = PBXFrameworksBuildPhase;
			buildActionMask = 2147483647;
			files = (
				A7A6C3AB21AAFB5E00E700D2 /* SwiftyJSON.framework in Frameworks */,
				A7A6C3AC21AAFB5E00E700D2 /* Alamofire.framework in Frameworks */,
				55C6D27D16EA0F3A822B6495 /* Pods_DC_Courier.framework in Frameworks */,
			);
			runOnlyForDeploymentPostprocessing = 0;
		};
/* End PBXFrameworksBuildPhase section */

/* Begin PBXGroup section */
		5F9CD2140B0A22DEDA9D8F4D /* Pods */ = {
			isa = PBXGroup;
			children = (
				7D507DA2A56C63F7B6747925 /* Pods-DC Courier.debug.xcconfig */,
				EA7CF398FE45AC8FC7205300 /* Pods-DC Courier.release.xcconfig */,
			);
			name = Pods;
			sourceTree = "<group>";
		};
		A71499EC21A9DF84005B4110 = {
			isa = PBXGroup;
			children = (
				A71499F721A9DF84005B4110 /* DC Courier */,
				A71499F621A9DF84005B4110 /* Products */,
				A7149A0A21A9EEE1005B4110 /* Frameworks */,
				5F9CD2140B0A22DEDA9D8F4D /* Pods */,
			);
			sourceTree = "<group>";
		};
		A71499F621A9DF84005B4110 /* Products */ = {
			isa = PBXGroup;
			children = (
				A71499F521A9DF84005B4110 /* DC Courier.app */,
			);
			name = Products;
			sourceTree = "<group>";
		};
		A71499F721A9DF84005B4110 /* DC Courier */ = {
			isa = PBXGroup;
			children = (
				A71499F821A9DF84005B4110 /* AppDelegate.swift */,
				A71499FA21A9DF84005B4110 /* ViewController.swift */,
				A71499FC21A9DF84005B4110 /* Main.storyboard */,
				A71499FF21A9DF85005B4110 /* Assets.xcassets */,
				A7149A0121A9DF85005B4110 /* LaunchScreen.storyboard */,
				A7149A0421A9DF85005B4110 /* Info.plist */,
			);
			path = "DC Courier";
			sourceTree = "<group>";
		};
		A7149A0A21A9EEE1005B4110 /* Frameworks */ = {
			isa = PBXGroup;
			children = (
				A7149A1A21AA0A16005B4110 /* SwiftyJSON.framework */,
				A7149A0B21A9EEE1005B4110 /* Alamofire.framework */,
				DF5E5F9CA81936783763C58B /* Pods_DC_Courier.framework */,
			);
			name = Frameworks;
			sourceTree = "<group>";
		};
/* End PBXGroup section */

/* Begin PBXHeadersBuildPhase section */
		A7149A0E21A9F3EB005B4110 /* Headers */ = {
			isa = PBXHeadersBuildPhase;
			buildActionMask = 2147483647;
			files = (
				A7149A0F21A9F3F4005B4110 /* Alamofire.framework in Headers */,
			);
			runOnlyForDeploymentPostprocessing = 0;
		};
/* End PBXHeadersBuildPhase section */

/* Begin PBXNativeTarget section */
		A71499F421A9DF84005B4110 /* DC Courier */ = {
			isa = PBXNativeTarget;
			buildConfigurationList = A7149A0721A9DF85005B4110 /* Build configuration list for PBXNativeTarget "DC Courier" */;
			buildPhases = (
				B293D197DD857CB34B6A7605 /* [CP] Check Pods Manifest.lock */,
				A7149A0E21A9F3EB005B4110 /* Headers */,
				A71499F121A9DF84005B4110 /* Sources */,
				A71499F221A9DF84005B4110 /* Frameworks */,
				A71499F321A9DF84005B4110 /* Resources */,
				A7149A1421A9FFD2005B4110 /* CopyFiles */,
				FA8119D8F6BC88D90B1CE6FA /* [CP] Copy Pods Resources */,
				7451991FAC34439069FC384A /* [CP] Embed Pods Frameworks */,
			);
			buildRules = (
			);
			dependencies = (
			);
			name = "DC Courier";
			productName = "DC Courier";
			productReference = A71499F521A9DF84005B4110 /* DC Courier.app */;
			productType = "com.apple.product-type.application";
		};
/* End PBXNativeTarget section */

/* Begin PBXProject section */
		A71499ED21A9DF84005B4110 /* Project object */ = {
			isa = PBXProject;
			attributes = {
				LastSwiftUpdateCheck = 1000;
				LastUpgradeCheck = 1000;
				ORGANIZATIONNAME = "Kotelnikov Daniil";
				TargetAttributes = {
					A71499F421A9DF84005B4110 = {
						CreatedOnToolsVersion = 10.0;
						SystemCapabilities = {
							com.apple.BackgroundModes = {
								enabled = 1;
							};
						};
					};
				};
			};
			buildConfigurationList = A71499F021A9DF84005B4110 /* Build configuration list for PBXProject "DC Courier" */;
			compatibilityVersion = "Xcode 9.3";
			developmentRegion = en;
			hasScannedForEncodings = 0;
			knownRegions = (
				en,
				Base,
			);
			mainGroup = A71499EC21A9DF84005B4110;
			productRefGroup = A71499F621A9DF84005B4110 /* Products */;
			projectDirPath = "";
			projectRoot = "";
			targets = (
				A71499F421A9DF84005B4110 /* DC Courier */,
			);
		};
/* End PBXProject section */

/* Begin PBXResourcesBuildPhase section */
		A71499F321A9DF84005B4110 /* Resources */ = {
			isa = PBXResourcesBuildPhase;
			buildActionMask = 2147483647;
			files = (
				A7149A0321A9DF85005B4110 /* LaunchScreen.storyboard in Resources */,
				A7149A0021A9DF85005B4110 /* Assets.xcassets in Resources */,
				A71499FE21A9DF84005B4110 /* Main.storyboard in Resources */,
			);
			runOnlyForDeploymentPostprocessing = 0;
		};
/* End PBXResourcesBuildPhase section */

/* Begin PBXShellScriptBuildPhase section */
		7451991FAC34439069FC384A /* [CP] Embed Pods Frameworks */ = {
			isa = PBXShellScriptBuildPhase;
			buildActionMask = 2147483647;
			files = (
			);
			inputFileListPaths = (
			);
			inputPaths = (
				"${SRCROOT}/Pods/Target Support Files/Pods-DC Courier/Pods-DC Courier-frameworks.sh",
				"${BUILT_PRODUCTS_DIR}/Alamofire/Alamofire.framework",
				"${BUILT_PRODUCTS_DIR}/SearchTextField/SearchTextField.framework",
				"${BUILT_PRODUCTS_DIR}/SwiftyJSON/SwiftyJSON.framework",
			);
			name = "[CP] Embed Pods Frameworks";
			outputFileListPaths = (
			);
			outputPaths = (
				"${TARGET_BUILD_DIR}/${FRAMEWORKS_FOLDER_PATH}/Alamofire.framework",
				"${TARGET_BUILD_DIR}/${FRAMEWORKS_FOLDER_PATH}/SearchTextField.framework",
				"${TARGET_BUILD_DIR}/${FRAMEWORKS_FOLDER_PATH}/SwiftyJSON.framework",
			);
			runOnlyForDeploymentPostprocessing = 0;
			shellPath = /bin/sh;
			shellScript = "\"${SRCROOT}/Pods/Target Support Files/Pods-DC Courier/Pods-DC Courier-frameworks.sh\"\n";
			showEnvVarsInLog = 0;
		};
		B293D197DD857CB34B6A7605 /* [CP] Check Pods Manifest.lock */ = {
			isa = PBXShellScriptBuildPhase;
			buildActionMask = 2147483647;
			files = (
			);
			inputFileListPaths = (
			);
			inputPaths = (
				"${PODS_PODFILE_DIR_PATH}/Podfile.lock",
				"${PODS_ROOT}/Manifest.lock",
			);
			name = "[CP] Check Pods Manifest.lock";
			outputFileListPaths = (
			);
			outputPaths = (
				"$(DERIVED_FILE_DIR)/Pods-DC Courier-checkManifestLockResult.txt",
			);
			runOnlyForDeploymentPostprocessing = 0;
			shellPath = /bin/sh;
			shellScript = "diff \"${PODS_PODFILE_DIR_PATH}/Podfile.lock\" \"${PODS_ROOT}/Manifest.lock\" > /dev/null\nif [ $? != 0 ] ; then\n    # print error to STDERR\n    echo \"error: The sandbox is not in sync with the Podfile.lock. Run 'pod install' or update your CocoaPods installation.\" >&2\n    exit 1\nfi\n# This output is used by Xcode 'outputs' to avoid re-running this script phase.\necho \"SUCCESS\" > \"${SCRIPT_OUTPUT_FILE_0}\"\n";
			showEnvVarsInLog = 0;
		};
		FA8119D8F6BC88D90B1CE6FA /* [CP] Copy Pods Resources */ = {
			isa = PBXShellScriptBuildPhase;
			buildActionMask = 2147483647;
			files = (
			);
			inputFileListPaths = (
			);
			inputPaths = (
				"${SRCROOT}/Pods/Target Support Files/Pods-DC Courier/Pods-DC Courier-resources.sh",
				"${PODS_ROOT}/GoogleMaps/Maps/Frameworks/GoogleMaps.framework/Resources/GoogleMaps.bundle",
				"${PODS_ROOT}/GooglePlacePicker/Frameworks/GooglePlacePicker.framework/Resources/GooglePlacePicker.bundle",
				"${PODS_ROOT}/GooglePlaces/Frameworks/GooglePlaces.framework/Resources/GooglePlaces.bundle",
			);
			name = "[CP] Copy Pods Resources";
			outputFileListPaths = (
			);
			outputPaths = (
				"${TARGET_BUILD_DIR}/${UNLOCALIZED_RESOURCES_FOLDER_PATH}/GoogleMaps.bundle",
				"${TARGET_BUILD_DIR}/${UNLOCALIZED_RESOURCES_FOLDER_PATH}/GooglePlacePicker.bundle",
				"${TARGET_BUILD_DIR}/${UNLOCALIZED_RESOURCES_FOLDER_PATH}/GooglePlaces.bundle",
			);
			runOnlyForDeploymentPostprocessing = 0;
			shellPath = /bin/sh;
			shellScript = "\"${SRCROOT}/Pods/Target Support Files/Pods-DC Courier/Pods-DC Courier-resources.sh\"\n";
			showEnvVarsInLog = 0;
		};
/* End PBXShellScriptBuildPhase section */

/* Begin PBXSourcesBuildPhase section */
		A71499F121A9DF84005B4110 /* Sources */ = {
			isa = PBXSourcesBuildPhase;
			buildActionMask = 2147483647;
			files = (
				A71499FB21A9DF84005B4110 /* ViewController.swift in Sources */,
				A71499F921A9DF84005B4110 /* AppDelegate.swift in Sources */,
			);
			runOnlyForDeploymentPostprocessing = 0;
		};
/* End PBXSourcesBuildPhase section */

/* Begin PBXVariantGroup section */
		A71499FC21A9DF84005B4110 /* Main.storyboard */ = {
			isa = PBXVariantGroup;
			children = (
				A71499FD21A9DF84005B4110 /* Base */,
			);
			name = Main.storyboard;
			sourceTree = "<group>";
		};
		A7149A0121A9DF85005B4110 /* LaunchScreen.storyboard */ = {
			isa = PBXVariantGroup;
			children = (
				A7149A0221A9DF85005B4110 /* Base */,
			);
			name = LaunchScreen.storyboard;
			sourceTree = "<group>";
		};
/* End PBXVariantGroup section */

/* Begin XCBuildConfiguration section */
		A7149A0521A9DF85005B4110 /* Debug */ = {
			isa = XCBuildConfiguration;
			buildSettings = {
				ALWAYS_SEARCH_USER_PATHS = NO;
				CLANG_ANALYZER_NONNULL = YES;
				CLANG_ANALYZER_NUMBER_OBJECT_CONVERSION = YES_AGGRESSIVE;
				CLANG_CXX_LANGUAGE_STANDARD = "gnu++14";
				CLANG_CXX_LIBRARY = "libc++";
				CLANG_ENABLE_MODULES = YES;
				CLANG_ENABLE_OBJC_ARC = YES;
				CLANG_ENABLE_OBJC_WEAK = YES;
				CLANG_WARN_BLOCK_CAPTURE_AUTORELEASING = YES;
				CLANG_WARN_BOOL_CONVERSION = YES;
				CLANG_WARN_COMMA = YES;
				CLANG_WARN_CONSTANT_CONVERSION = YES;
				CLANG_WARN_DEPRECATED_OBJC_IMPLEMENTATIONS = YES;
				CLANG_WARN_DIRECT_OBJC_ISA_USAGE = YES_ERROR;
				CLANG_WARN_DOCUMENTATION_COMMENTS = YES;
				CLANG_WARN_EMPTY_BODY = YES;
				CLANG_WARN_ENUM_CONVERSION = YES;
				CLANG_WARN_INFINITE_RECURSION = YES;
				CLANG_WARN_INT_CONVERSION = YES;
				CLANG_WARN_NON_LITERAL_NULL_CONVERSION = YES;
				CLANG_WARN_OBJC_IMPLICIT_RETAIN_SELF = YES;
				CLANG_WARN_OBJC_LITERAL_CONVERSION = YES;
				CLANG_WARN_OBJC_ROOT_CLASS = YES_ERROR;
				CLANG_WARN_RANGE_LOOP_ANALYSIS = YES;
				CLANG_WARN_STRICT_PROTOTYPES = YES;
				CLANG_WARN_SUSPICIOUS_MOVE = YES;
				CLANG_WARN_UNGUARDED_AVAILABILITY = YES_AGGRESSIVE;
				CLANG_WARN_UNREACHABLE_CODE = YES;
				CLANG_WARN__DUPLICATE_METHOD_MATCH = YES;
				CODE_SIGN_IDENTITY = "iPhone Developer";
				COPY_PHASE_STRIP = NO;
				DEBUG_INFORMATION_FORMAT = dwarf;
				ENABLE_STRICT_OBJC_MSGSEND = YES;
				ENABLE_TESTABILITY = YES;
				GCC_C_LANGUAGE_STANDARD = gnu11;
				GCC_DYNAMIC_NO_PIC = NO;
				GCC_NO_COMMON_BLOCKS = YES;
				GCC_OPTIMIZATION_LEVEL = 0;
				GCC_PREPROCESSOR_DEFINITIONS = (
					"DEBUG=1",
					"$(inherited)",
				);
				GCC_WARN_64_TO_32_BIT_CONVERSION = YES;
				GCC_WARN_ABOUT_RETURN_TYPE = YES_ERROR;
				GCC_WARN_UNDECLARED_SELECTOR = YES;
				GCC_WARN_UNINITIALIZED_AUTOS = YES_AGGRESSIVE;
				GCC_WARN_UNUSED_FUNCTION = YES;
				GCC_WARN_UNUSED_VARIABLE = YES;
				IPHONEOS_DEPLOYMENT_TARGET = 12.0;
				MTL_ENABLE_DEBUG_INFO = INCLUDE_SOURCE;
				MTL_FAST_MATH = YES;
				ONLY_ACTIVE_ARCH = YES;
				SDKROOT = iphoneos;
				SWIFT_ACTIVE_COMPILATION_CONDITIONS = DEBUG;
				SWIFT_OPTIMIZATION_LEVEL = "-Onone";
			};
			name = Debug;
		};
		A7149A0621A9DF85005B4110 /* Release */ = {
			isa = XCBuildConfiguration;
			buildSettings = {
				ALWAYS_SEARCH_USER_PATHS = NO;
				CLANG_ANALYZER_NONNULL = YES;
				CLANG_ANALYZER_NUMBER_OBJECT_CONVERSION = YES_AGGRESSIVE;
				CLANG_CXX_LANGUAGE_STANDARD = "gnu++14";
				CLANG_CXX_LIBRARY = "libc++";
				CLANG_ENABLE_MODULES = YES;
				CLANG_ENABLE_OBJC_ARC = YES;
				CLANG_ENABLE_OBJC_WEAK = YES;
				CLANG_WARN_BLOCK_CAPTURE_AUTORELEASING = YES;
				CLANG_WARN_BOOL_CONVERSION = YES;
				CLANG_WARN_COMMA = YES;
				CLANG_WARN_CONSTANT_CONVERSION = YES;
				CLANG_WARN_DEPRECATED_OBJC_IMPLEMENTATIONS = YES;
				CLANG_WARN_DIRECT_OBJC_ISA_USAGE = YES_ERROR;
				CLANG_WARN_DOCUMENTATION_COMMENTS = YES;
				CLANG_WARN_EMPTY_BODY = YES;
				CLANG_WARN_ENUM_CONVERSION = YES;
				CLANG_WARN_INFINITE_RECURSION = YES;
				CLANG_WARN_INT_CONVERSION = YES;
				CLANG_WARN_NON_LITERAL_NULL_CONVERSION = YES;
				CLANG_WARN_OBJC_IMPLICIT_RETAIN_SELF = YES;
				CLANG_WARN_OBJC_LITERAL_CONVERSION = YES;
				CLANG_WARN_OBJC_ROOT_CLASS = YES_ERROR;
				CLANG_WARN_RANGE_LOOP_ANALYSIS = YES;
				CLANG_WARN_STRICT_PROTOTYPES = YES;
				CLANG_WARN_SUSPICIOUS_MOVE = YES;
				CLANG_WARN_UNGUARDED_AVAILABILITY = YES_AGGRESSIVE;
				CLANG_WARN_UNREACHABLE_CODE = YES;
				CLANG_WARN__DUPLICATE_METHOD_MATCH = YES;
				CODE_SIGN_IDENTITY = "iPhone Developer";
				COPY_PHASE_STRIP = NO;
				DEBUG_INFORMATION_FORMAT = "dwarf-with-dsym";
				ENABLE_NS_ASSERTIONS = NO;
				ENABLE_STRICT_OBJC_MSGSEND = YES;
				GCC_C_LANGUAGE_STANDARD = gnu11;
				GCC_NO_COMMON_BLOCKS = YES;
				GCC_WARN_64_TO_32_BIT_CONVERSION = YES;
				GCC_WARN_ABOUT_RETURN_TYPE = YES_ERROR;
				GCC_WARN_UNDECLARED_SELECTOR = YES;
				GCC_WARN_UNINITIALIZED_AUTOS = YES_AGGRESSIVE;
				GCC_WARN_UNUSED_FUNCTION = YES;
				GCC_WARN_UNUSED_VARIABLE = YES;
				IPHONEOS_DEPLOYMENT_TARGET = 12.0;
				MTL_ENABLE_DEBUG_INFO = NO;
				MTL_FAST_MATH = YES;
				SDKROOT = iphoneos;
				SWIFT_COMPILATION_MODE = wholemodule;
				SWIFT_OPTIMIZATION_LEVEL = "-O";
				VALIDATE_PRODUCT = YES;
			};
			name = Release;
		};
		A7149A0821A9DF85005B4110 /* Debug */ = {
			isa = XCBuildConfiguration;
			baseConfigurationReference = 7D507DA2A56C63F7B6747925 /* Pods-DC Courier.debug.xcconfig */;
			buildSettings = {
				ASSETCATALOG_COMPILER_APPICON_NAME = AppIcon;
				CODE_SIGN_STYLE = Automatic;
				DEVELOPMENT_TEAM = 26SU2NX6X6;
				FRAMEWORK_SEARCH_PATHS = (
					"$(inherited)",
					"$(PROJECT_DIR)/Carthage/Build/iOS",
				);
				INFOPLIST_FILE = "DC Courier/Info.plist";
				IPHONEOS_DEPLOYMENT_TARGET = 12.0;
				LD_RUNPATH_SEARCH_PATHS = (
					"$(inherited)",
					"@executable_path/Frameworks",
				);
				PRODUCT_BUNDLE_IDENTIFIER = "DC.DC-Courier";
				PRODUCT_NAME = "$(TARGET_NAME)";
				SWIFT_VERSION = 4.2;
				TARGETED_DEVICE_FAMILY = 1;
			};
			name = Debug;
		};
		A7149A0921A9DF85005B4110 /* Release */ = {
			isa = XCBuildConfiguration;
			baseConfigurationReference = EA7CF398FE45AC8FC7205300 /* Pods-DC Courier.release.xcconfig */;
			buildSettings = {
				ASSETCATALOG_COMPILER_APPICON_NAME = AppIcon;
				CODE_SIGN_STYLE = Automatic;
				DEVELOPMENT_TEAM = 26SU2NX6X6;
				FRAMEWORK_SEARCH_PATHS = (
					"$(inherited)",
					"$(PROJECT_DIR)/Carthage/Build/iOS",
				);
				INFOPLIST_FILE = "DC Courier/Info.plist";
				IPHONEOS_DEPLOYMENT_TARGET = 12.0;
				LD_RUNPATH_SEARCH_PATHS = (
					"$(inherited)",
					"@executable_path/Frameworks",
				);
				PRODUCT_BUNDLE_IDENTIFIER = "DC.DC-Courier";
				PRODUCT_NAME = "$(TARGET_NAME)";
				SWIFT_VERSION = 4.2;
				TARGETED_DEVICE_FAMILY = 1;
			};
			name = Release;
		};
/* End XCBuildConfiguration section */

/* Begin XCConfigurationList section */
		A71499F021A9DF84005B4110 /* Build configuration list for PBXProject "DC Courier" */ = {
			isa = XCConfigurationList;
			buildConfigurations = (
				A7149A0521A9DF85005B4110 /* Debug */,
				A7149A0621A9DF85005B4110 /* Release */,
			);
			defaultConfigurationIsVisible = 0;
			defaultConfigurationName = Release;
		};
		A7149A0721A9DF85005B4110 /* Build configuration list for PBXNativeTarget "DC Courier" */ = {
			isa = XCConfigurationList;
			buildConfigurations = (
				A7149A0821A9DF85005B4110 /* Debug */,
				A7149A0921A9DF85005B4110 /* Release */,
			);
			defaultConfigurationIsVisible = 0;
			defaultConfigurationName = Release;
		};
/* End XCConfigurationList section */
	};
	rootObject = A71499ED21A9DF84005B4110 /* Project object */;
}
